
Microsoft Visual Studio Solution File, Format Version 12.00
# Visual Studio Version 17
VisualStudioVersion = 17.11.35219.272
MinimumVisualStudioVersion = 10.0.40219.1
Project("{9A19103F-16F7-4668-BE54-9A1E7A4F7556}") = "ApiTestingFramework", "ApiTestingFramework\ApiTestingFramework.csproj", "{59FE7092-110D-4D9A-89ED-456F94791C42}"
EndProject
Project("{FAE04EC0-301F-11D3-BF4B-00C04F79EFBC}") = "MangoTests", "MangoTests\MangoTests.csproj", "{7585BD0A-C5D1-41FE-9A53-30D38ABBB93E}"
EndProject
Project("{2150E333-8FDC-42A3-9474-1A3956D46DE8}") = "Solution Items", "Solution Items", "{78882777-255E-42D8-B198-286EB848EB2C}"
	ProjectSection(SolutionItems) = preProject
		.gitignore = .gitignore
		README.md = README.md
	EndProjectSection
EndProject
Global
	GlobalSection(SolutionConfigurationPlatforms) = preSolution
		Debug|Any CPU = Debug|Any CPU
		Release|Any CPU = Release|Any CPU
	EndGlobalSection
	GlobalSection(ProjectConfigurationPlatforms) = postSolution
		{59FE7092-110D-4D9A-89ED-456F94791C42}.Debug|Any CPU.ActiveCfg = Debug|Any CPU
		{59FE7092-110D-4D9A-89ED-456F94791C42}.Debug|Any CPU.Build.0 = Debug|Any CPU
		{59FE7092-110D-4D9A-89ED-456F94791C42}.Release|Any CPU.ActiveCfg = Release|Any CPU
		{59FE7092-110D-4D9A-89ED-456F94791C42}.Release|Any CPU.Build.0 = Release|Any CPU
		{7585BD0A-C5D1-41FE-9A53-30D38ABBB93E}.Debug|Any CPU.ActiveCfg = Debug|Any CPU
		{7585BD0A-C5D1-41FE-9A53-30D38ABBB93E}.Debug|Any CPU.Build.0 = Debug|Any CPU
		{7585BD0A-C5D1-41FE-9A53-30D38ABBB93E}.Release|Any CPU.ActiveCfg = Release|Any CPU
		{7585BD0A-C5D1-41FE-9A53-30D38ABBB93E}.Release|Any CPU.Build.0 = Release|Any CPU
	EndGlobalSection
	GlobalSection(SolutionProperties) = preSolution
		HideSolutionNode = FALSE
	EndGlobalSection
	GlobalSection(ExtensibilityGlobals) = postSolution
		SolutionGuid = {33AB2533-60C5-4CD2-999F-5A6D381DA25B}
	EndGlobalSection
EndGlobal
